
Microsoft Visual Studio Solution File, Format Version 12.00
# Visual Studio Version 17
VisualStudioVersion = 17.0.31717.71
MinimumVisualStudioVersion = 10.0.40219.1
Project("{8BC9CEB8-8B4A-11D0-8D11-00A0C91BC942}") = "cppwinrt", "cppwinrt\cppwinrt.vcxproj", "{E57189F2-D2C5-400A-A785-A4CBC78DB791}"
EndProject
Project("{8BC9CEB8-8B4A-11D0-8D11-00A0C91BC942}") = "cppwinrt.prebuild", "cppwinrt.prebuild\cppwinrt.prebuild.vcxproj", "{ECEA800A-4DBD-4DF0-BBFB-710E4DABB7D8}"
EndProject
Project("{9A19103F-16F7-4668-BE54-9A1E7A4F7556}") = "cppwinrt.nuget", "cppwinrt.nuget\cppwinrt.nuget.csproj", "{E9A2CBB0-A77E-4A55-AC78-F145375F185A}"
EndProject
Project("{2150E333-8FDC-42A3-9474-1A3956D46DE8}") = "build", "build", "{BB022645-CFBD-487C-A529-003C994F7E9A}"
	ProjectSection(SolutionItems) = preProject
		..\.editorconfig = ..\.editorconfig
		Directory.Build.props = Directory.Build.props
		Directory.Build.targets = Directory.Build.targets
		..\nuget.config = ..\nuget.config
		..\RepoRoot.props = ..\RepoRoot.props
		..\version.json = ..\version.json
	EndProjectSection
EndProject
Project("{2150E333-8FDC-42A3-9474-1A3956D46DE8}") = "targets", "targets", "{C77AA6BE-CCA3-4FA4-893F-9E9C059C8165}"
	ProjectSection(SolutionItems) = preProject
		..\build\Directory.Build.csproj.props = ..\build\Directory.Build.csproj.props
		..\build\Directory.Build.csproj.targets = ..\build\Directory.Build.csproj.targets
		..\build\Directory.Build.msbuildproj.props = ..\build\Directory.Build.msbuildproj.props
		..\build\Directory.Build.msbuildproj.targets = ..\build\Directory.Build.msbuildproj.targets
		..\build\Directory.Build.vcxproj.props = ..\build\Directory.Build.vcxproj.props
		..\build\Directory.Build.vcxproj.targets = ..\build\Directory.Build.vcxproj.targets
		..\build\Directory.Build.wapproj.props = ..\build\Directory.Build.wapproj.props
		..\build\Directory.Build.wapproj.targets = ..\build\Directory.Build.wapproj.targets
		..\build\Directory.Build.wixproj.props = ..\build\Directory.Build.wixproj.props
		..\build\Directory.Build.wixproj.targets = ..\build\Directory.Build.wixproj.targets
	EndProjectSection
EndProject
Project("{2150E333-8FDC-42A3-9474-1A3956D46DE8}") = "wixproj", "wixproj", "{D7004493-DDC0-45BE-A27A-5707BEA89BBC}"
	ProjectSection(SolutionItems) = preProject
		..\build\wixproj\CustomAfter.targets = ..\build\wixproj\CustomAfter.targets
		..\build\wixproj\wixproj.props = ..\build\wixproj\wixproj.props
		..\build\wixproj\wixproj.targets = ..\build\wixproj\wixproj.targets
	EndProjectSection
EndProject
Project("{2150E333-8FDC-42A3-9474-1A3956D46DE8}") = "vcxproj", "vcxproj", "{EB870580-2895-4ED5-8794-7F635CD02524}"
	ProjectSection(SolutionItems) = preProject
		..\build\vcxproj\DetectCI.props = ..\build\vcxproj\DetectCI.props
		..\build\vcxproj\DeterministicBuild.props = ..\build\vcxproj\DeterministicBuild.props
		..\build\vcxproj\DeterministicBuild.targets = ..\build\vcxproj\DeterministicBuild.targets
	EndProjectSection
EndProject
Project("{2150E333-8FDC-42A3-9474-1A3956D46DE8}") = "signing", "signing", "{B656CF5B-68E9-4009-844B-6520C0449059}"
	ProjectSection(SolutionItems) = preProject
		..\build\signing\CodeSigning.props = ..\build\signing\CodeSigning.props
		..\build\signing\CodeSigning.targets = ..\build\signing\CodeSigning.targets
		..\build\signing\CodeSigning.Tasks.targets = ..\build\signing\CodeSigning.Tasks.targets
		..\build\signing\CodeSigning.Wix.targets = ..\build\signing\CodeSigning.Wix.targets
	EndProjectSection
EndProject
Global
	GlobalSection(SolutionConfigurationPlatforms) = preSolution
		Debug|Any CPU = Debug|Any CPU
		Debug|x64 = Debug|x64
		Debug|x86 = Debug|x86
		Release|Any CPU = Release|Any CPU
		Release|x64 = Release|x64
		Release|x86 = Release|x86
	EndGlobalSection
	GlobalSection(ProjectConfigurationPlatforms) = postSolution
		{E57189F2-D2C5-400A-A785-A4CBC78DB791}.Debug|Any CPU.ActiveCfg = Debug|Win32
		{E57189F2-D2C5-400A-A785-A4CBC78DB791}.Debug|x64.ActiveCfg = Debug|x64
		{E57189F2-D2C5-400A-A785-A4CBC78DB791}.Debug|x64.Build.0 = Debug|x64
		{E57189F2-D2C5-400A-A785-A4CBC78DB791}.Debug|x86.ActiveCfg = Debug|Win32
		{E57189F2-D2C5-400A-A785-A4CBC78DB791}.Debug|x86.Build.0 = Debug|Win32
		{E57189F2-D2C5-400A-A785-A4CBC78DB791}.Release|Any CPU.ActiveCfg = Release|Win32
		{E57189F2-D2C5-400A-A785-A4CBC78DB791}.Release|x64.ActiveCfg = Release|x64
		{E57189F2-D2C5-400A-A785-A4CBC78DB791}.Release|x64.Build.0 = Release|x64
		{E57189F2-D2C5-400A-A785-A4CBC78DB791}.Release|x86.ActiveCfg = Release|Win32
		{E57189F2-D2C5-400A-A785-A4CBC78DB791}.Release|x86.Build.0 = Release|Win32
		{ECEA800A-4DBD-4DF0-BBFB-710E4DABB7D8}.Debug|Any CPU.ActiveCfg = Debug|Win32
		{ECEA800A-4DBD-4DF0-BBFB-710E4DABB7D8}.Debug|x64.ActiveCfg = Debug|x64
		{ECEA800A-4DBD-4DF0-BBFB-710E4DABB7D8}.Debug|x64.Build.0 = Debug|x64
		{ECEA800A-4DBD-4DF0-BBFB-710E4DABB7D8}.Debug|x86.ActiveCfg = Debug|Win32
		{ECEA800A-4DBD-4DF0-BBFB-710E4DABB7D8}.Debug|x86.Build.0 = Debug|Win32
		{ECEA800A-4DBD-4DF0-BBFB-710E4DABB7D8}.Release|Any CPU.ActiveCfg = Release|Win32
		{ECEA800A-4DBD-4DF0-BBFB-710E4DABB7D8}.Release|x64.ActiveCfg = Release|x64
		{ECEA800A-4DBD-4DF0-BBFB-710E4DABB7D8}.Release|x64.Build.0 = Release|x64
		{ECEA800A-4DBD-4DF0-BBFB-710E4DABB7D8}.Release|x86.ActiveCfg = Release|Win32
		{ECEA800A-4DBD-4DF0-BBFB-710E4DABB7D8}.Release|x86.Build.0 = Release|Win32
		{E9A2CBB0-A77E-4A55-AC78-F145375F185A}.Debug|Any CPU.ActiveCfg = Debug|Any CPU
		{E9A2CBB0-A77E-4A55-AC78-F145375F185A}.Debug|Any CPU.Build.0 = Debug|Any CPU
		{E9A2CBB0-A77E-4A55-AC78-F145375F185A}.Debug|x64.ActiveCfg = Debug|Any CPU
		{E9A2CBB0-A77E-4A55-AC78-F145375F185A}.Debug|x64.Build.0 = Debug|Any CPU
		{E9A2CBB0-A77E-4A55-AC78-F145375F185A}.Debug|x86.ActiveCfg = Debug|Any CPU
		{E9A2CBB0-A77E-4A55-AC78-F145375F185A}.Debug|x86.Build.0 = Debug|Any CPU
		{E9A2CBB0-A77E-4A55-AC78-F145375F185A}.Release|Any CPU.ActiveCfg = Release|Any CPU
		{E9A2CBB0-A77E-4A55-AC78-F145375F185A}.Release|Any CPU.Build.0 = Release|Any CPU
		{E9A2CBB0-A77E-4A55-AC78-F145375F185A}.Release|x64.ActiveCfg = Release|Any CPU
		{E9A2CBB0-A77E-4A55-AC78-F145375F185A}.Release|x64.Build.0 = Release|Any CPU
		{E9A2CBB0-A77E-4A55-AC78-F145375F185A}.Release|x86.ActiveCfg = Release|Any CPU
		{E9A2CBB0-A77E-4A55-AC78-F145375F185A}.Release|x86.Build.0 = Release|Any CPU
	EndGlobalSection
	GlobalSection(SolutionProperties) = preSolution
		HideSolutionNode = FALSE
	EndGlobalSection
	GlobalSection(NestedProjects) = preSolution
		{C77AA6BE-CCA3-4FA4-893F-9E9C059C8165} = {BB022645-CFBD-487C-A529-003C994F7E9A}
		{D7004493-DDC0-45BE-A27A-5707BEA89BBC} = {C77AA6BE-CCA3-4FA4-893F-9E9C059C8165}
		{EB870580-2895-4ED5-8794-7F635CD02524} = {C77AA6BE-CCA3-4FA4-893F-9E9C059C8165}
		{B656CF5B-68E9-4009-844B-6520C0449059} = {C77AA6BE-CCA3-4FA4-893F-9E9C059C8165}
	EndGlobalSection
	GlobalSection(ExtensibilityGlobals) = postSolution
		SolutionGuid = {80274D55-89E1-46DF-A717-6585C256712C}
	EndGlobalSection
EndGlobal
